
Microsoft Visual Studio Solution File, Format Version 12.00
# Visual Studio Version 16
VisualStudioVersion = 16.0.30907.101
MinimumVisualStudioVersion = 10.0.40219.1
Project("{FAE04EC0-301F-11D3-BF4B-00C04F79EFBC}") = "Business", "Business\Business.csproj", "{08EE1BC8-7906-4275-9C0A-A5529419E902}"
EndProject
Project("{FAE04EC0-301F-11D3-BF4B-00C04F79EFBC}") = "Core", "Core\Core.csproj", "{1F8D4414-1B07-4425-9DAA-E62F739F346B}"
EndProject
Project("{FAE04EC0-301F-11D3-BF4B-00C04F79EFBC}") = "DataAccess", "DataAccess\DataAccess.csproj", "{C6CC1894-92BA-4593-9E6C-CB50A39F8573}"
EndProject
Project("{FAE04EC0-301F-11D3-BF4B-00C04F79EFBC}") = "Entities", "Entities\Entities.csproj", "{507A9A7A-CC47-48C9-AFF7-E4C856614C49}"
EndProject
Project("{FAE04EC0-301F-11D3-BF4B-00C04F79EFBC}") = "WebAPI", "WebAPI\WebAPI.csproj", "{A7D7F876-C50A-4C23-AF6D-ED9AB4D88C73}"
EndProject
Global
	GlobalSection(SolutionConfigurationPlatforms) = preSolution
		Debug|Any CPU = Debug|Any CPU
		Release|Any CPU = Release|Any CPU
	EndGlobalSection
	GlobalSection(ProjectConfigurationPlatforms) = postSolution
		{08EE1BC8-7906-4275-9C0A-A5529419E902}.Debug|Any CPU.ActiveCfg = Debug|Any CPU
		{08EE1BC8-7906-4275-9C0A-A5529419E902}.Debug|Any CPU.Build.0 = Debug|Any CPU
		{08EE1BC8-7906-4275-9C0A-A5529419E902}.Release|Any CPU.ActiveCfg = Release|Any CPU
		{08EE1BC8-7906-4275-9C0A-A5529419E902}.Release|Any CPU.Build.0 = Release|Any CPU
		{1F8D4414-1B07-4425-9DAA-E62F739F346B}.Debug|Any CPU.ActiveCfg = Debug|Any CPU
		{1F8D4414-1B07-4425-9DAA-E62F739F346B}.Debug|Any CPU.Build.0 = Debug|Any CPU
		{1F8D4414-1B07-4425-9DAA-E62F739F346B}.Release|Any CPU.ActiveCfg = Release|Any CPU
		{1F8D4414-1B07-4425-9DAA-E62F739F346B}.Release|Any CPU.Build.0 = Release|Any CPU
		{C6CC1894-92BA-4593-9E6C-CB50A39F8573}.Debug|Any CPU.ActiveCfg = Debug|Any CPU
		{C6CC1894-92BA-4593-9E6C-CB50A39F8573}.Debug|Any CPU.Build.0 = Debug|Any CPU
		{C6CC1894-92BA-4593-9E6C-CB50A39F8573}.Release|Any CPU.ActiveCfg = Release|Any CPU
		{C6CC1894-92BA-4593-9E6C-CB50A39F8573}.Release|Any CPU.Build.0 = Release|Any CPU
		{507A9A7A-CC47-48C9-AFF7-E4C856614C49}.Debug|Any CPU.ActiveCfg = Debug|Any CPU
		{507A9A7A-CC47-48C9-AFF7-E4C856614C49}.Debug|Any CPU.Build.0 = Debug|Any CPU
		{507A9A7A-CC47-48C9-AFF7-E4C856614C49}.Release|Any CPU.ActiveCfg = Release|Any CPU
		{507A9A7A-CC47-48C9-AFF7-E4C856614C49}.Release|Any CPU.Build.0 = Release|Any CPU
		{A7D7F876-C50A-4C23-AF6D-ED9AB4D88C73}.Debug|Any CPU.ActiveCfg = Debug|Any CPU
		{A7D7F876-C50A-4C23-AF6D-ED9AB4D88C73}.Debug|Any CPU.Build.0 = Debug|Any CPU
		{A7D7F876-C50A-4C23-AF6D-ED9AB4D88C73}.Release|Any CPU.ActiveCfg = Release|Any CPU
		{A7D7F876-C50A-4C23-AF6D-ED9AB4D88C73}.Release|Any CPU.Build.0 = Release|Any CPU
	EndGlobalSection
	GlobalSection(SolutionProperties) = preSolution
		HideSolutionNode = FALSE
	EndGlobalSection
	GlobalSection(ExtensibilityGlobals) = postSolution
		SolutionGuid = {60AE598E-0A3D-4818-9788-ACC97B8DF8F6}
	EndGlobalSection
EndGlobal
